
Microsoft Visual Studio Solution File, Format Version 12.00
# Visual Studio Version 17
VisualStudioVersion = 17.13.35806.99 d17.13
MinimumVisualStudioVersion = 10.0.40219.1
Project("{FAE04EC0-301F-11D3-BF4B-00C04F79EFBC}") = "ArkBuddy", "ArkBuddy.csproj", "{ECEE1B03-6F6A-45BC-BF1B-263C75D11512}"
EndProject
Global
	GlobalSection(SolutionConfigurationPlatforms) = preSolution
		Debug|Any CPU = Debug|Any CPU
		Release|Any CPU = Release|Any CPU
	EndGlobalSection
	GlobalSection(ProjectConfigurationPlatforms) = postSolution
		{ECEE1B03-6F6A-45BC-BF1B-263C75D11512}.Debug|Any CPU.ActiveCfg = Debug|Any CPU
		{ECEE1B03-6F6A-45BC-BF1B-263C75D11512}.Debug|Any CPU.Build.0 = Debug|Any CPU
		{ECEE1B03-6F6A-45BC-BF1B-263C75D11512}.Release|Any CPU.ActiveCfg = Release|Any CPU
		{ECEE1B03-6F6A-45BC-BF1B-263C75D11512}.Release|Any CPU.Build.0 = Release|Any CPU
	EndGlobalSection
	GlobalSection(SolutionProperties) = preSolution
		HideSolutionNode = FALSE
	EndGlobalSection
	GlobalSection(ExtensibilityGlobals) = postSolution
		SolutionGuid = {BA288C02-3E89-4740-AC33-944352093B61}
	EndGlobalSection
EndGlobal
